
Microsoft Visual Studio Solution File, Format Version 12.00
# Visual Studio Version 16
VisualStudioVersion = 16.0.31829.152
MinimumVisualStudioVersion = 10.0.40219.1
Project("{FAE04EC0-301F-11D3-BF4B-00C04F79EFBC}") = "1. Check Equality", "1. Check Equality\1. Check Equality.csproj", "{20748FA7-A899-46C1-9CA0-812531583ECF}"
EndProject
Project("{FAE04EC0-301F-11D3-BF4B-00C04F79EFBC}") = "2. Check Even or Odd", "2. Check Even or Odd\2. Check Even or Odd.csproj", "{A245E2DC-72F7-48CF-8760-9ACE74D63F9C}"
EndProject
Project("{FAE04EC0-301F-11D3-BF4B-00C04F79EFBC}") = "3. Check Positive or Negative", "3. Check Positive or Negative\3. Check Positive or Negative.csproj", "{498530D0-FF26-408A-A319-CFDD191ED0AA}"
EndProject
Project("{FAE04EC0-301F-11D3-BF4B-00C04F79EFBC}") = "4. Leap year", "4. Leap year\4. Leap year.csproj", "{B3508829-2302-4F34-B69B-DC643A75E778}"
EndProject
Global
	GlobalSection(SolutionConfigurationPlatforms) = preSolution
		Debug|Any CPU = Debug|Any CPU
		Release|Any CPU = Release|Any CPU
	EndGlobalSection
	GlobalSection(ProjectConfigurationPlatforms) = postSolution
		{20748FA7-A899-46C1-9CA0-812531583ECF}.Debug|Any CPU.ActiveCfg = Debug|Any CPU
		{20748FA7-A899-46C1-9CA0-812531583ECF}.Debug|Any CPU.Build.0 = Debug|Any CPU
		{20748FA7-A899-46C1-9CA0-812531583ECF}.Release|Any CPU.ActiveCfg = Release|Any CPU
		{20748FA7-A899-46C1-9CA0-812531583ECF}.Release|Any CPU.Build.0 = Release|Any CPU
		{A245E2DC-72F7-48CF-8760-9ACE74D63F9C}.Debug|Any CPU.ActiveCfg = Debug|Any CPU
		{A245E2DC-72F7-48CF-8760-9ACE74D63F9C}.Debug|Any CPU.Build.0 = Debug|Any CPU
		{A245E2DC-72F7-48CF-8760-9ACE74D63F9C}.Release|Any CPU.ActiveCfg = Release|Any CPU
		{A245E2DC-72F7-48CF-8760-9ACE74D63F9C}.Release|Any CPU.Build.0 = Release|Any CPU
		{498530D0-FF26-408A-A319-CFDD191ED0AA}.Debug|Any CPU.ActiveCfg = Debug|Any CPU
		{498530D0-FF26-408A-A319-CFDD191ED0AA}.Debug|Any CPU.Build.0 = Debug|Any CPU
		{498530D0-FF26-408A-A319-CFDD191ED0AA}.Release|Any CPU.ActiveCfg = Release|Any CPU
		{498530D0-FF26-408A-A319-CFDD191ED0AA}.Release|Any CPU.Build.0 = Release|Any CPU
		{B3508829-2302-4F34-B69B-DC643A75E778}.Debug|Any CPU.ActiveCfg = Debug|Any CPU
		{B3508829-2302-4F34-B69B-DC643A75E778}.Debug|Any CPU.Build.0 = Debug|Any CPU
		{B3508829-2302-4F34-B69B-DC643A75E778}.Release|Any CPU.ActiveCfg = Release|Any CPU
		{B3508829-2302-4F34-B69B-DC643A75E778}.Release|Any CPU.Build.0 = Release|Any CPU
	EndGlobalSection
	GlobalSection(SolutionProperties) = preSolution
		HideSolutionNode = FALSE
	EndGlobalSection
	GlobalSection(ExtensibilityGlobals) = postSolution
		SolutionGuid = {0B9436AF-7C78-44D9-8BD2-3C41521C77BA}
	EndGlobalSection
EndGlobal
